
Microsoft Visual Studio Solution File, Format Version 12.00
# Visual Studio Version 17
VisualStudioVersion = 17.10.35013.160
MinimumVisualStudioVersion = 10.0.40219.1
Project("{FAE04EC0-301F-11D3-BF4B-00C04F79EFBC}") = "RatingManagementSystem", "RatingManagementSystem.csproj", "{AF0B228C-A3E2-458B-A838-0697AD7A91B5}"
EndProject
Global
	GlobalSection(SolutionConfigurationPlatforms) = preSolution
		Debug|Any CPU = Debug|Any CPU
		Release|Any CPU = Release|Any CPU
	EndGlobalSection
	GlobalSection(ProjectConfigurationPlatforms) = postSolution
		{AF0B228C-A3E2-458B-A838-0697AD7A91B5}.Debug|Any CPU.ActiveCfg = Debug|Any CPU
		{AF0B228C-A3E2-458B-A838-0697AD7A91B5}.Debug|Any CPU.Build.0 = Debug|Any CPU
		{AF0B228C-A3E2-458B-A838-0697AD7A91B5}.Release|Any CPU.ActiveCfg = Release|Any CPU
		{AF0B228C-A3E2-458B-A838-0697AD7A91B5}.Release|Any CPU.Build.0 = Release|Any CPU
	EndGlobalSection
	GlobalSection(SolutionProperties) = preSolution
		HideSolutionNode = FALSE
	EndGlobalSection
	GlobalSection(ExtensibilityGlobals) = postSolution
		SolutionGuid = {66C5D5D3-9C73-4E7D-8493-D0C1CE4C8441}
	EndGlobalSection
EndGlobal
